// !$*UTF8*$!
{
	archiveVersion = 1;
	classes = {
	};
	objectVersion = 50;
	objects = {

/* Begin PBXBuildFile section */
		F35B0D962413BF2A001BDC5D /* AppDelegate.swift in Sources */ = {isa = PBXBuildFile; fileRef = F35B0D952413BF2A001BDC5D /* AppDelegate.swift */; };
		F35B0D982413BF2A001BDC5D /* SceneDelegate.swift in Sources */ = {isa = PBXBuildFile; fileRef = F35B0D972413BF2A001BDC5D /* SceneDelegate.swift */; };
		F35B0D9D2413BF2A001BDC5D /* Main.storyboard in Resources */ = {isa = PBXBuildFile; fileRef = F35B0D9B2413BF2A001BDC5D /* Main.storyboard */; };
		F35B0DA22413BF34001BDC5D /* LaunchScreen.storyboard in Resources */ = {isa = PBXBuildFile; fileRef = F35B0DA02413BF34001BDC5D /* LaunchScreen.storyboard */; };
		F35B0DAA2413EF6B001BDC5D /* MainTableViewController.swift in Sources */ = {isa = PBXBuildFile; fileRef = F35B0DA92413EF6B001BDC5D /* MainTableViewController.swift */; };
		F35B0DAC241412F6001BDC5D /* Assets.xcassets in Resources */ = {isa = PBXBuildFile; fileRef = F35B0DAB241412F6001BDC5D /* Assets.xcassets */; };
/* End PBXBuildFile section */

/* Begin PBXFileReference section */
		F35B0D922413BF2A001BDC5D /* MyFavoritsPlases.app */ = {isa = PBXFileReference; explicitFileType = wrapper.application; includeInIndex = 0; path = MyFavoritsPlases.app; sourceTree = BUILT_PRODUCTS_DIR; };
		F35B0D952413BF2A001BDC5D /* AppDelegate.swift */ = {isa = PBXFileReference; lastKnownFileType = sourcecode.swift; path = AppDelegate.swift; sourceTree = "<group>"; };
		F35B0D972413BF2A001BDC5D /* SceneDelegate.swift */ = {isa = PBXFileReference; lastKnownFileType = sourcecode.swift; path = SceneDelegate.swift; sourceTree = "<group>"; };
		F35B0D9C2413BF2A001BDC5D /* Base */ = {isa = PBXFileReference; lastKnownFileType = file.storyboard; name = Base; path = Base.lproj/Main.storyboard; sourceTree = "<group>"; };
		F35B0DA12413BF34001BDC5D /* Base */ = {isa = PBXFileReference; lastKnownFileType = file.storyboard; name = Base; path = Base.lproj/LaunchScreen.storyboard; sourceTree = "<group>"; };
		F35B0DA32413BF34001BDC5D /* Info.plist */ = {isa = PBXFileReference; lastKnownFileType = text.plist.xml; path = Info.plist; sourceTree = "<group>"; };
		F35B0DA92413EF6B001BDC5D /* MainTableViewController.swift */ = {isa = PBXFileReference; lastKnownFileType = sourcecode.swift; path = MainTableViewController.swift; sourceTree = "<group>"; };
		F35B0DAB241412F6001BDC5D /* Assets.xcassets */ = {isa = PBXFileReference; lastKnownFileType = folder.assetcatalog; path = Assets.xcassets; sourceTree = "<group>"; };
/* End PBXFileReference section */

/* Begin PBXFrameworksBuildPhase section */
		F35B0D8F2413BF2A001BDC5D /* Frameworks */ = {
			isa = PBXFrameworksBuildPhase;
			buildActionMask = 2147483647;
			files = (
			);
			runOnlyForDeploymentPostprocessing = 0;
		};
/* End PBXFrameworksBuildPhase section */

/* Begin PBXGroup section */
		F35B0D892413BF2A001BDC5D = {
			isa = PBXGroup;
			children = (
				F35B0D942413BF2A001BDC5D /* MyFavoritsPlases */,
				F35B0D932413BF2A001BDC5D /* Products */,
			);
			sourceTree = "<group>";
		};
		F35B0D932413BF2A001BDC5D /* Products */ = {
			isa = PBXGroup;
			children = (
				F35B0D922413BF2A001BDC5D /* MyFavoritsPlases.app */,
			);
			name = Products;
			sourceTree = "<group>";
		};
		F35B0D942413BF2A001BDC5D /* MyFavoritsPlases */ = {
			isa = PBXGroup;
			children = (
				F35B0D952413BF2A001BDC5D /* AppDelegate.swift */,
				F35B0D9B2413BF2A001BDC5D /* Main.storyboard */,
				F35B0DA92413EF6B001BDC5D /* MainTableViewController.swift */,
				F35B0D972413BF2A001BDC5D /* SceneDelegate.swift */,
				F35B0DAB241412F6001BDC5D /* Assets.xcassets */,
				F35B0DA02413BF34001BDC5D /* LaunchScreen.storyboard */,
				F35B0DA32413BF34001BDC5D /* Info.plist */,
			);
			path = MyFavoritsPlases;
			sourceTree = "<group>";
		};
/* End PBXGroup section */

/* Begin PBXNativeTarget section */
		F35B0D912413BF2A001BDC5D /* MyFavoritsPlases */ = {
			isa = PBXNativeTarget;
			buildConfigurationList = F35B0DA62413BF34001BDC5D /* Build configuration list for PBXNativeTarget "MyFavoritsPlases" */;
			buildPhases = (
				F35B0D8E2413BF2A001BDC5D /* Sources */,
				F35B0D8F2413BF2A001BDC5D /* Frameworks */,
				F35B0D902413BF2A001BDC5D /* Resources */,
			);
			buildRules = (
			);
			dependencies = (
			);
			name = MyFavoritsPlases;
			productName = MyFavoritsPlases;
			productReference = F35B0D922413BF2A001BDC5D /* MyFavoritsPlases.app */;
			productType = "com.apple.product-type.application";
		};
/* End PBXNativeTarget section */

/* Begin PBXProject section */
		F35B0D8A2413BF2A001BDC5D /* Project object */ = {
			isa = PBXProject;
			attributes = {
				LastSwiftUpdateCheck = 1130;
				LastUpgradeCheck = 1130;
				ORGANIZATIONNAME = smu117;
				TargetAttributes = {
					F35B0D912413BF2A001BDC5D = {
						CreatedOnToolsVersion = 11.3.1;
					};
				};
			};
			buildConfigurationList = F35B0D8D2413BF2A001BDC5D /* Build configuration list for PBXProject "MyFavoritsPlases" */;
			compatibilityVersion = "Xcode 9.3";
			developmentRegion = en;
			hasScannedForEncodings = 0;
			knownRegions = (
				en,
				Base,
			);
			mainGroup = F35B0D892413BF2A001BDC5D;
			productRefGroup = F35B0D932413BF2A001BDC5D /* Products */;
			projectDirPath = "";
			projectRoot = "";
			targets = (
				F35B0D912413BF2A001BDC5D /* MyFavoritsPlases */,
			);
		};
/* End PBXProject section */

/* Begin PBXResourcesBuildPhase section */
		F35B0D902413BF2A001BDC5D /* Resources */ = {
			isa = PBXResourcesBuildPhase;
			buildActionMask = 2147483647;
			files = (
				F35B0DA22413BF34001BDC5D /* LaunchScreen.storyboard in Resources */,
				F35B0DAC241412F6001BDC5D /* Assets.xcassets in Resources */,
				F35B0D9D2413BF2A001BDC5D /* Main.storyboard in Resources */,
			);
			runOnlyForDeploymentPostprocessing = 0;
		};
/* End PBXResourcesBuildPhase section */

/* Begin PBXSourcesBuildPhase section */
		F35B0D8E2413BF2A001BDC5D /* Sources */ = {
			isa = PBXSourcesBuildPhase;
			buildActionMask = 2147483647;
			files = (
				F35B0DAA2413EF6B001BDC5D /* MainTableViewController.swift in Sources */,
				F35B0D962413BF2A001BDC5D /* AppDelegate.swift in Sources */,
				F35B0D982413BF2A001BDC5D /* SceneDelegate.swift in Sources */,
			);
			runOnlyForDeploymentPostprocessing = 0;
		};
/* End PBXSourcesBuildPhase section */

/* Begin PBXVariantGroup section */
		F35B0D9B2413BF2A001BDC5D /* Main.storyboard */ = {
			isa = PBXVariantGroup;
			children = (
				F35B0D9C2413BF2A001BDC5D /* Base */,
			);
			name = Main.storyboard;
			sourceTree = "<group>";
		};
		F35B0DA02413BF34001BDC5D /* LaunchScreen.storyboard */ = {
			isa = PBXVariantGroup;
			children = (
				F35B0DA12413BF34001BDC5D /* Base */,
			);
			name = LaunchScreen.storyboard;
			sourceTree = "<group>";
		};
/* End PBXVariantGroup section */

/* Begin XCBuildConfiguration section */
		F35B0DA42413BF34001BDC5D /* Debug */ = {
			isa = XCBuildConfiguration;
			buildSettings = {
				ALWAYS_SEARCH_USER_PATHS = NO;
				CLANG_ANALYZER_NONNULL = YES;
				CLANG_ANALYZER_NUMBER_OBJECT_CONVERSION = YES_AGGRESSIVE;
				CLANG_CXX_LANGUAGE_STANDARD = "gnu++14";
				CLANG_CXX_LIBRARY = "libc++";
				CLANG_ENABLE_MODULES = YES;
				CLANG_ENABLE_OBJC_ARC = YES;
				CLANG_ENABLE_OBJC_WEAK = YES;
				CLANG_WARN_BLOCK_CAPTURE_AUTORELEASING = YES;
				CLANG_WARN_BOOL_CONVERSION = YES;
				CLANG_WARN_COMMA = YES;
				CLANG_WARN_CONSTANT_CONVERSION = YES;
				CLANG_WARN_DEPRECATED_OBJC_IMPLEMENTATIONS = YES;
				CLANG_WARN_DIRECT_OBJC_ISA_USAGE = YES_ERROR;
				CLANG_WARN_DOCUMENTATION_COMMENTS = YES;
				CLANG_WARN_EMPTY_BODY = YES;
				CLANG_WARN_ENUM_CONVERSION = YES;
				CLANG_WARN_INFINITE_RECURSION = YES;
				CLANG_WARN_INT_CONVERSION = YES;
				CLANG_WARN_NON_LITERAL_NULL_CONVERSION = YES;
				CLANG_WARN_OBJC_IMPLICIT_RETAIN_SELF = YES;
				CLANG_WARN_OBJC_LITERAL_CONVERSION = YES;
				CLANG_WARN_OBJC_ROOT_CLASS = YES_ERROR;
				CLANG_WARN_RANGE_LOOP_ANALYSIS = YES;
				CLANG_WARN_STRICT_PROTOTYPES = YES;
				CLANG_WARN_SUSPICIOUS_MOVE = YES;
				CLANG_WARN_UNGUARDED_AVAILABILITY = YES_AGGRESSIVE;
				CLANG_WARN_UNREACHABLE_CODE = YES;
				CLANG_WARN__DUPLICATE_METHOD_MATCH = YES;
				COPY_PHASE_STRIP = NO;
				DEBUG_INFORMATION_FORMAT = dwarf;
				ENABLE_STRICT_OBJC_MSGSEND = YES;
				ENABLE_TESTABILITY = YES;
				GCC_C_LANGUAGE_STANDARD = gnu11;
				GCC_DYNAMIC_NO_PIC = NO;
				GCC_NO_COMMON_BLOCKS = YES;
				GCC_OPTIMIZATION_LEVEL = 0;
				GCC_PREPROCESSOR_DEFINITIONS = (
					"DEBUG=1",
					"$(inherited)",
				);
				GCC_WARN_64_TO_32_BIT_CONVERSION = YES;
				GCC_WARN_ABOUT_RETURN_TYPE = YES_ERROR;
				GCC_WARN_UNDECLARED_SELECTOR = YES;
				GCC_WARN_UNINITIALIZED_AUTOS = YES_AGGRESSIVE;
				GCC_WARN_UNUSED_FUNCTION = YES;
				GCC_WARN_UNUSED_VARIABLE = YES;
				IPHONEOS_DEPLOYMENT_TARGET = 13.2;
				MTL_ENABLE_DEBUG_INFO = INCLUDE_SOURCE;
				MTL_FAST_MATH = YES;
				ONLY_ACTIVE_ARCH = YES;
				SDKROOT = iphoneos;
				SWIFT_ACTIVE_COMPILATION_CONDITIONS = DEBUG;
				SWIFT_OPTIMIZATION_LEVEL = "-Onone";
			};
			name = Debug;
		};
		F35B0DA52413BF34001BDC5D /* Release */ = {
			isa = XCBuildConfiguration;
			buildSettings = {
				ALWAYS_SEARCH_USER_PATHS = NO;
				CLANG_ANALYZER_NONNULL = YES;
				CLANG_ANALYZER_NUMBER_OBJECT_CONVERSION = YES_AGGRESSIVE;
				CLANG_CXX_LANGUAGE_STANDARD = "gnu++14";
				CLANG_CXX_LIBRARY = "libc++";
				CLANG_ENABLE_MODULES = YES;
				CLANG_ENABLE_OBJC_ARC = YES;
				CLANG_ENABLE_OBJC_WEAK = YES;
				CLANG_WARN_BLOCK_CAPTURE_AUTORELEASING = YES;
				CLANG_WARN_BOOL_CONVERSION = YES;
				CLANG_WARN_COMMA = YES;
				CLANG_WARN_CONSTANT_CONVERSION = YES;
				CLANG_WARN_DEPRECATED_OBJC_IMPLEMENTATIONS = YES;
				CLANG_WARN_DIRECT_OBJC_ISA_USAGE = YES_ERROR;
				CLANG_WARN_DOCUMENTATION_COMMENTS = YES;
				CLANG_WARN_EMPTY_BODY = YES;
				CLANG_WARN_ENUM_CONVERSION = YES;
				CLANG_WARN_INFINITE_RECURSION = YES;
				CLANG_WARN_INT_CONVERSION = YES;
				CLANG_WARN_NON_LITERAL_NULL_CONVERSION = YES;
				CLANG_WARN_OBJC_IMPLICIT_RETAIN_SELF = YES;
				CLANG_WARN_OBJC_LITERAL_CONVERSION = YES;
				CLANG_WARN_OBJC_ROOT_CLASS = YES_ERROR;
				CLANG_WARN_RANGE_LOOP_ANALYSIS = YES;
				CLANG_WARN_STRICT_PROTOTYPES = YES;
				CLANG_WARN_SUSPICIOUS_MOVE = YES;
				CLANG_WARN_UNGUARDED_AVAILABILITY = YES_AGGRESSIVE;
				CLANG_WARN_UNREACHABLE_CODE = YES;
				CLANG_WARN__DUPLICATE_METHOD_MATCH = YES;
				COPY_PHASE_STRIP = NO;
				DEBUG_INFORMATION_FORMAT = "dwarf-with-dsym";
				ENABLE_NS_ASSERTIONS = NO;
				ENABLE_STRICT_OBJC_MSGSEND = YES;
				GCC_C_LANGUAGE_STANDARD = gnu11;
				GCC_NO_COMMON_BLOCKS = YES;
				GCC_WARN_64_TO_32_BIT_CONVERSION = YES;
				GCC_WARN_ABOUT_RETURN_TYPE = YES_ERROR;
				GCC_WARN_UNDECLARED_SELECTOR = YES;
				GCC_WARN_UNINITIALIZED_AUTOS = YES_AGGRESSIVE;
				GCC_WARN_UNUSED_FUNCTION = YES;
				GCC_WARN_UNUSED_VARIABLE = YES;
				IPHONEOS_DEPLOYMENT_TARGET = 13.2;
				MTL_ENABLE_DEBUG_INFO = NO;
				MTL_FAST_MATH = YES;
				SDKROOT = iphoneos;
				SWIFT_COMPILATION_MODE = wholemodule;
				SWIFT_OPTIMIZATION_LEVEL = "-O";
				VALIDATE_PRODUCT = YES;
			};
			name = Release;
		};
		F35B0DA72413BF34001BDC5D /* Debug */ = {
			isa = XCBuildConfiguration;
			buildSettings = {
				ASSETCATALOG_COMPILER_APPICON_NAME = AppIcon;
				CODE_SIGN_STYLE = Automatic;
				DEVELOPMENT_TEAM = WLMWR54MBP;
				INFOPLIST_FILE = MyFavoritsPlases/Info.plist;
				LD_RUNPATH_SEARCH_PATHS = (
					"$(inherited)",
					"@executable_path/Frameworks",
				);
				PRODUCT_BUNDLE_IDENTIFIER = smu117.MyFavoritsPlases;
				PRODUCT_NAME = "$(TARGET_NAME)";
				SWIFT_VERSION = 5.0;
				TARGETED_DEVICE_FAMILY = "1,2";
			};
			name = Debug;
		};
		F35B0DA82413BF34001BDC5D /* Release */ = {
			isa = XCBuildConfiguration;
			buildSettings = {
				ASSETCATALOG_COMPILER_APPICON_NAME = AppIcon;
				CODE_SIGN_STYLE = Automatic;
				DEVELOPMENT_TEAM = WLMWR54MBP;
				INFOPLIST_FILE = MyFavoritsPlases/Info.plist;
				LD_RUNPATH_SEARCH_PATHS = (
					"$(inherited)",
					"@executable_path/Frameworks",
				);
				PRODUCT_BUNDLE_IDENTIFIER = smu117.MyFavoritsPlases;
				PRODUCT_NAME = "$(TARGET_NAME)";
				SWIFT_VERSION = 5.0;
				TARGETED_DEVICE_FAMILY = "1,2";
			};
			name = Release;
		};
/* End XCBuildConfiguration section */

/* Begin XCConfigurationList section */
		F35B0D8D2413BF2A001BDC5D /* Build configuration list for PBXProject "MyFavoritsPlases" */ = {
			isa = XCConfigurationList;
			buildConfigurations = (
				F35B0DA42413BF34001BDC5D /* Debug */,
				F35B0DA52413BF34001BDC5D /* Release */,
			);
			defaultConfigurationIsVisible = 0;
			defaultConfigurationName = Release;
		};
		F35B0DA62413BF34001BDC5D /* Build configuration list for PBXNativeTarget "MyFavoritsPlases" */ = {
			isa = XCConfigurationList;
			buildConfigurations = (
				F35B0DA72413BF34001BDC5D /* Debug */,
				F35B0DA82413BF34001BDC5D /* Release */,
			);
			defaultConfigurationIsVisible = 0;
			defaultConfigurationName = Release;
		};
/* End XCConfigurationList section */
	};
	rootObject = F35B0D8A2413BF2A001BDC5D /* Project object */;
}
